// !$*UTF8*$!
{
	archiveVersion = 1;
	classes = {
	};
	objectVersion = 51;
	objects = {

/* Begin PBXBuildFile section */
		940703A922E268AF00D37FB7 /* Default-568h@2x.png in Resources */ = {isa = PBXBuildFile; fileRef = 940703A822E268AF00D37FB7 /* Default-568h@2x.png */; };
		940703AB22E26A2500D37FB7 /* Comment.storyboard in Resources */ = {isa = PBXBuildFile; fileRef = 940703AA22E26A2500D37FB7 /* Comment.storyboard */; };
		940703AD22E26A3400D37FB7 /* Message.storyboard in Resources */ = {isa = PBXBuildFile; fileRef = 940703AC22E26A3400D37FB7 /* Message.storyboard */; };
		940703AF22E26A4000D37FB7 /* Publication.storyboard in Resources */ = {isa = PBXBuildFile; fileRef = 940703AE22E26A4000D37FB7 /* Publication.storyboard */; };
		940703B122E26A4D00D37FB7 /* Profile.storyboard in Resources */ = {isa = PBXBuildFile; fileRef = 940703B022E26A4D00D37FB7 /* Profile.storyboard */; };
		940703B322E26A5800D37FB7 /* Home.storyboard in Resources */ = {isa = PBXBuildFile; fileRef = 940703B222E26A5800D37FB7 /* Home.storyboard */; };
		940703B922E26A9B00D37FB7 /* SignUp.swift in Sources */ = {isa = PBXBuildFile; fileRef = 940703B622E26A9B00D37FB7 /* SignUp.swift */; };
		940703BA22E26A9B00D37FB7 /* SignUp.storyboard in Resources */ = {isa = PBXBuildFile; fileRef = 940703B722E26A9B00D37FB7 /* SignUp.storyboard */; };
		940703BB22E26A9B00D37FB7 /* SignUpViewController.swift in Sources */ = {isa = PBXBuildFile; fileRef = 940703B822E26A9B00D37FB7 /* SignUpViewController.swift */; };
		940703BF22E26AAA00D37FB7 /* SignInViewController.swift in Sources */ = {isa = PBXBuildFile; fileRef = 940703BC22E26AAA00D37FB7 /* SignInViewController.swift */; };
		940703C022E26AAA00D37FB7 /* SignIn.storyboard in Resources */ = {isa = PBXBuildFile; fileRef = 940703BD22E26AAA00D37FB7 /* SignIn.storyboard */; };
		940703C122E26AAA00D37FB7 /* SignInViewModel.swift in Sources */ = {isa = PBXBuildFile; fileRef = 940703BE22E26AAA00D37FB7 /* SignInViewModel.swift */; };
		940703C722E26AE800D37FB7 /* Constants.swift in Sources */ = {isa = PBXBuildFile; fileRef = 940703C622E26AE800D37FB7 /* Constants.swift */; };
		940703CD22E26E1900D37FB7 /* Colors.xcassets in Resources */ = {isa = PBXBuildFile; fileRef = 940703CC22E26E1900D37FB7 /* Colors.xcassets */; };
		940703CF22E26EBD00D37FB7 /* Assets.xcassets in Resources */ = {isa = PBXBuildFile; fileRef = 940703CE22E26EBD00D37FB7 /* Assets.xcassets */; };
		940703D122E2762B00D37FB7 /* Main.storyboard in Resources */ = {isa = PBXBuildFile; fileRef = 940703D022E2762B00D37FB7 /* Main.storyboard */; };
		946B348322E519F4002A1829 /* ProfileViewController.swift in Sources */ = {isa = PBXBuildFile; fileRef = 946B348222E519F4002A1829 /* ProfileViewController.swift */; };
		94813F1022E6390E0038F680 /* PublicationViewController.swift in Sources */ = {isa = PBXBuildFile; fileRef = 94813F0F22E6390E0038F680 /* PublicationViewController.swift */; };
		94A165F222E0FB47005F8FE6 /* AppDelegate.swift in Sources */ = {isa = PBXBuildFile; fileRef = 94A165F122E0FB47005F8FE6 /* AppDelegate.swift */; };
		94A165F422E0FB47005F8FE6 /* ViewController.swift in Sources */ = {isa = PBXBuildFile; fileRef = 94A165F322E0FB47005F8FE6 /* ViewController.swift */; };
		94A165FC22E0FB48005F8FE6 /* LaunchScreen.storyboard in Resources */ = {isa = PBXBuildFile; fileRef = 94A165FA22E0FB48005F8FE6 /* LaunchScreen.storyboard */; };
		9E7305C8B0170822950778C6 /* Pods_Profesiones_App.framework in Frameworks */ = {isa = PBXBuildFile; fileRef = B3DDBF313F84CA468C9CA581 /* Pods_Profesiones_App.framework */; };
/* End PBXBuildFile section */

/* Begin PBXFileReference section */
		12738719EFDB44402AC22F0E /* Pods-Profesiones App.release.xcconfig */ = {isa = PBXFileReference; includeInIndex = 1; lastKnownFileType = text.xcconfig; name = "Pods-Profesiones App.release.xcconfig"; path = "Target Support Files/Pods-Profesiones App/Pods-Profesiones App.release.xcconfig"; sourceTree = "<group>"; };
		940703A822E268AF00D37FB7 /* Default-568h@2x.png */ = {isa = PBXFileReference; lastKnownFileType = image.png; path = "Default-568h@2x.png"; sourceTree = "<group>"; };
		940703AA22E26A2500D37FB7 /* Comment.storyboard */ = {isa = PBXFileReference; fileEncoding = 4; lastKnownFileType = file.storyboard; path = Comment.storyboard; sourceTree = "<group>"; };
		940703AC22E26A3400D37FB7 /* Message.storyboard */ = {isa = PBXFileReference; fileEncoding = 4; lastKnownFileType = file.storyboard; path = Message.storyboard; sourceTree = "<group>"; };
		940703AE22E26A4000D37FB7 /* Publication.storyboard */ = {isa = PBXFileReference; fileEncoding = 4; lastKnownFileType = file.storyboard; path = Publication.storyboard; sourceTree = "<group>"; };
		940703B022E26A4D00D37FB7 /* Profile.storyboard */ = {isa = PBXFileReference; fileEncoding = 4; lastKnownFileType = file.storyboard; path = Profile.storyboard; sourceTree = "<group>"; };
		940703B222E26A5800D37FB7 /* Home.storyboard */ = {isa = PBXFileReference; fileEncoding = 4; lastKnownFileType = file.storyboard; path = Home.storyboard; sourceTree = "<group>"; };
		940703B622E26A9B00D37FB7 /* SignUp.swift */ = {isa = PBXFileReference; fileEncoding = 4; lastKnownFileType = sourcecode.swift; path = SignUp.swift; sourceTree = "<group>"; };
		940703B722E26A9B00D37FB7 /* SignUp.storyboard */ = {isa = PBXFileReference; fileEncoding = 4; lastKnownFileType = file.storyboard; path = SignUp.storyboard; sourceTree = "<group>"; };
		940703B822E26A9B00D37FB7 /* SignUpViewController.swift */ = {isa = PBXFileReference; fileEncoding = 4; lastKnownFileType = sourcecode.swift; path = SignUpViewController.swift; sourceTree = "<group>"; };
		940703BC22E26AAA00D37FB7 /* SignInViewController.swift */ = {isa = PBXFileReference; fileEncoding = 4; lastKnownFileType = sourcecode.swift; path = SignInViewController.swift; sourceTree = "<group>"; };
		940703BD22E26AAA00D37FB7 /* SignIn.storyboard */ = {isa = PBXFileReference; fileEncoding = 4; lastKnownFileType = file.storyboard; path = SignIn.storyboard; sourceTree = "<group>"; };
		940703BE22E26AAA00D37FB7 /* SignInViewModel.swift */ = {isa = PBXFileReference; fileEncoding = 4; lastKnownFileType = sourcecode.swift; path = SignInViewModel.swift; sourceTree = "<group>"; };
		940703C622E26AE800D37FB7 /* Constants.swift */ = {isa = PBXFileReference; fileEncoding = 4; lastKnownFileType = sourcecode.swift; path = Constants.swift; sourceTree = "<group>"; };
		940703CC22E26E1900D37FB7 /* Colors.xcassets */ = {isa = PBXFileReference; lastKnownFileType = folder.assetcatalog; path = Colors.xcassets; sourceTree = "<group>"; };
		940703CE22E26EBD00D37FB7 /* Assets.xcassets */ = {isa = PBXFileReference; lastKnownFileType = folder.assetcatalog; path = Assets.xcassets; sourceTree = "<group>"; };
		940703D022E2762B00D37FB7 /* Main.storyboard */ = {isa = PBXFileReference; fileEncoding = 4; lastKnownFileType = file.storyboard; path = Main.storyboard; sourceTree = "<group>"; };
		946B348222E519F4002A1829 /* ProfileViewController.swift */ = {isa = PBXFileReference; lastKnownFileType = sourcecode.swift; path = ProfileViewController.swift; sourceTree = "<group>"; };
		94813F0F22E6390E0038F680 /* PublicationViewController.swift */ = {isa = PBXFileReference; lastKnownFileType = sourcecode.swift; path = PublicationViewController.swift; sourceTree = "<group>"; };
		94A165EE22E0FB47005F8FE6 /* Profesiones App.app */ = {isa = PBXFileReference; explicitFileType = wrapper.application; includeInIndex = 0; path = "Profesiones App.app"; sourceTree = BUILT_PRODUCTS_DIR; };
		94A165F122E0FB47005F8FE6 /* AppDelegate.swift */ = {isa = PBXFileReference; lastKnownFileType = sourcecode.swift; path = AppDelegate.swift; sourceTree = "<group>"; };
		94A165F322E0FB47005F8FE6 /* ViewController.swift */ = {isa = PBXFileReference; lastKnownFileType = sourcecode.swift; path = ViewController.swift; sourceTree = "<group>"; };
		94A165FB22E0FB48005F8FE6 /* Base */ = {isa = PBXFileReference; lastKnownFileType = file.storyboard; name = Base; path = Base.lproj/LaunchScreen.storyboard; sourceTree = "<group>"; };
		94A165FD22E0FB48005F8FE6 /* Info.plist */ = {isa = PBXFileReference; lastKnownFileType = text.plist.xml; path = Info.plist; sourceTree = "<group>"; };
		AE0CA1E9105BEB92FABA6FA7 /* Pods-Profesiones App.debug.xcconfig */ = {isa = PBXFileReference; includeInIndex = 1; lastKnownFileType = text.xcconfig; name = "Pods-Profesiones App.debug.xcconfig"; path = "Target Support Files/Pods-Profesiones App/Pods-Profesiones App.debug.xcconfig"; sourceTree = "<group>"; };
		B3DDBF313F84CA468C9CA581 /* Pods_Profesiones_App.framework */ = {isa = PBXFileReference; explicitFileType = wrapper.framework; includeInIndex = 0; path = Pods_Profesiones_App.framework; sourceTree = BUILT_PRODUCTS_DIR; };
/* End PBXFileReference section */

/* Begin PBXFrameworksBuildPhase section */
		94A165EB22E0FB47005F8FE6 /* Frameworks */ = {
			isa = PBXFrameworksBuildPhase;
			buildActionMask = 2147483647;
			files = (
				9E7305C8B0170822950778C6 /* Pods_Profesiones_App.framework in Frameworks */,
			);
			runOnlyForDeploymentPostprocessing = 0;
		};
/* End PBXFrameworksBuildPhase section */

/* Begin PBXGroup section */
		9407039822E2676E00D37FB7 /* Application */ = {
			isa = PBXGroup;
			children = (
				940703A722E2686A00D37FB7 /* Publication */,
				940703A622E2686200D37FB7 /* Profile */,
				940703A522E2685300D37FB7 /* Message */,
				940703A322E2683800D37FB7 /* Main */,
				940703A222E2682E00D37FB7 /* Home */,
				940703A022E2681900D37FB7 /* Comment */,
				9407039F22E2681100D37FB7 /* Authentication */,
			);
			path = Application;
			sourceTree = "<group>";
		};
		9407039922E2677F00D37FB7 /* Base */ = {
			isa = PBXGroup;
			children = (
				94A165FA22E0FB48005F8FE6 /* LaunchScreen.storyboard */,
				94A165F122E0FB47005F8FE6 /* AppDelegate.swift */,
				94A165FD22E0FB48005F8FE6 /* Info.plist */,
			);
			path = Base;
			sourceTree = "<group>";
		};
		9407039A22E2679500D37FB7 /* Constants */ = {
			isa = PBXGroup;
			children = (
				940703C622E26AE800D37FB7 /* Constants.swift */,
			);
			path = Constants;
			sourceTree = "<group>";
		};
		9407039B22E267BC00D37FB7 /* Controllers */ = {
			isa = PBXGroup;
			children = (
			);
			path = Controllers;
			sourceTree = "<group>";
		};
		9407039C22E267CC00D37FB7 /* Resources */ = {
			isa = PBXGroup;
			children = (
				9407039E22E267F600D37FB7 /* Colors */,
				9407039D22E267E500D37FB7 /* Images */,
			);
			path = Resources;
			sourceTree = "<group>";
		};
		9407039D22E267E500D37FB7 /* Images */ = {
			isa = PBXGroup;
			children = (
				940703CE22E26EBD00D37FB7 /* Assets.xcassets */,
			);
			path = Images;
			sourceTree = "<group>";
		};
		9407039E22E267F600D37FB7 /* Colors */ = {
			isa = PBXGroup;
			children = (
				940703CC22E26E1900D37FB7 /* Colors.xcassets */,
			);
			path = Colors;
			sourceTree = "<group>";
		};
		9407039F22E2681100D37FB7 /* Authentication */ = {
			isa = PBXGroup;
			children = (
				940703B522E26A8B00D37FB7 /* Sign In */,
				940703B422E26A7E00D37FB7 /* Sign Up */,
			);
			path = Authentication;
			sourceTree = "<group>";
		};
		940703A022E2681900D37FB7 /* Comment */ = {
			isa = PBXGroup;
			children = (
				940703AA22E26A2500D37FB7 /* Comment.storyboard */,
			);
			path = Comment;
			sourceTree = "<group>";
		};
		940703A222E2682E00D37FB7 /* Home */ = {
			isa = PBXGroup;
			children = (
				940703B222E26A5800D37FB7 /* Home.storyboard */,
			);
			path = Home;
			sourceTree = "<group>";
		};
		940703A322E2683800D37FB7 /* Main */ = {
			isa = PBXGroup;
			children = (
				940703A422E2684700D37FB7 /* Main */,
			);
			path = Main;
			sourceTree = "<group>";
		};
		940703A422E2684700D37FB7 /* Main */ = {
			isa = PBXGroup;
			children = (
				940703D022E2762B00D37FB7 /* Main.storyboard */,
			);
			path = Main;
			sourceTree = "<group>";
		};
		940703A522E2685300D37FB7 /* Message */ = {
			isa = PBXGroup;
			children = (
				940703AC22E26A3400D37FB7 /* Message.storyboard */,
			);
			path = Message;
			sourceTree = "<group>";
		};
		940703A622E2686200D37FB7 /* Profile */ = {
			isa = PBXGroup;
			children = (
				940703B022E26A4D00D37FB7 /* Profile.storyboard */,
				946B348222E519F4002A1829 /* ProfileViewController.swift */,
			);
			path = Profile;
			sourceTree = "<group>";
		};
		940703A722E2686A00D37FB7 /* Publication */ = {
			isa = PBXGroup;
			children = (
				940703AE22E26A4000D37FB7 /* Publication.storyboard */,
				94813F0F22E6390E0038F680 /* PublicationViewController.swift */,
			);
			path = Publication;
			sourceTree = "<group>";
		};
		940703B422E26A7E00D37FB7 /* Sign Up */ = {
			isa = PBXGroup;
			children = (
				940703B722E26A9B00D37FB7 /* SignUp.storyboard */,
				940703B622E26A9B00D37FB7 /* SignUp.swift */,
				940703B822E26A9B00D37FB7 /* SignUpViewController.swift */,
			);
			path = "Sign Up";
			sourceTree = "<group>";
		};
		940703B522E26A8B00D37FB7 /* Sign In */ = {
			isa = PBXGroup;
			children = (
				940703BD22E26AAA00D37FB7 /* SignIn.storyboard */,
				940703BC22E26AAA00D37FB7 /* SignInViewController.swift */,
				940703BE22E26AAA00D37FB7 /* SignInViewModel.swift */,
			);
			path = "Sign In";
			sourceTree = "<group>";
		};
		94A165E522E0FB47005F8FE6 = {
			isa = PBXGroup;
			children = (
				940703A822E268AF00D37FB7 /* Default-568h@2x.png */,
				94A165F022E0FB47005F8FE6 /* Profesiones App */,
				94A165EF22E0FB47005F8FE6 /* Products */,
				C555B764C96464C573DCB5B5 /* Pods */,
				F054F6ABA0C43DE67F52B331 /* Frameworks */,
			);
			sourceTree = "<group>";
		};
		94A165EF22E0FB47005F8FE6 /* Products */ = {
			isa = PBXGroup;
			children = (
				94A165EE22E0FB47005F8FE6 /* Profesiones App.app */,
			);
			name = Products;
			sourceTree = "<group>";
		};
		94A165F022E0FB47005F8FE6 /* Profesiones App */ = {
			isa = PBXGroup;
			children = (
				9407039C22E267CC00D37FB7 /* Resources */,
				9407039B22E267BC00D37FB7 /* Controllers */,
				9407039A22E2679500D37FB7 /* Constants */,
				9407039922E2677F00D37FB7 /* Base */,
				9407039822E2676E00D37FB7 /* Application */,
				94A165F322E0FB47005F8FE6 /* ViewController.swift */,
			);
			path = "Profesiones App";
			sourceTree = "<group>";
		};
		C555B764C96464C573DCB5B5 /* Pods */ = {
			isa = PBXGroup;
			children = (
				AE0CA1E9105BEB92FABA6FA7 /* Pods-Profesiones App.debug.xcconfig */,
				12738719EFDB44402AC22F0E /* Pods-Profesiones App.release.xcconfig */,
			);
			path = Pods;
			sourceTree = "<group>";
		};
		F054F6ABA0C43DE67F52B331 /* Frameworks */ = {
			isa = PBXGroup;
			children = (
				B3DDBF313F84CA468C9CA581 /* Pods_Profesiones_App.framework */,
			);
			name = Frameworks;
			sourceTree = "<group>";
		};
/* End PBXGroup section */

/* Begin PBXNativeTarget section */
		94A165ED22E0FB47005F8FE6 /* Profesiones App */ = {
			isa = PBXNativeTarget;
			buildConfigurationList = 94A1660022E0FB48005F8FE6 /* Build configuration list for PBXNativeTarget "Profesiones App" */;
			buildPhases = (
				888A1ED75CF15F14DEFA7E80 /* [CP] Check Pods Manifest.lock */,
				94A165EA22E0FB47005F8FE6 /* Sources */,
				94A165EB22E0FB47005F8FE6 /* Frameworks */,
				94A165EC22E0FB47005F8FE6 /* Resources */,
				78F8F6FFFDDD664ADB3A67AF /* [CP] Embed Pods Frameworks */,
			);
			buildRules = (
			);
			dependencies = (
			);
			name = "Profesiones App";
			productName = "Profesiones App";
			productReference = 94A165EE22E0FB47005F8FE6 /* Profesiones App.app */;
			productType = "com.apple.product-type.application";
		};
/* End PBXNativeTarget section */

/* Begin PBXProject section */
		94A165E622E0FB47005F8FE6 /* Project object */ = {
			isa = PBXProject;
			attributes = {
				LastSwiftUpdateCheck = 1020;
				LastUpgradeCheck = 1020;
				ORGANIZATIONNAME = "Arlid Henao Rueda";
				TargetAttributes = {
					94A165ED22E0FB47005F8FE6 = {
						CreatedOnToolsVersion = 10.2.1;
					};
				};
			};
			buildConfigurationList = 94A165E922E0FB47005F8FE6 /* Build configuration list for PBXProject "Profesiones App" */;
			compatibilityVersion = "Xcode 9.3";
			developmentRegion = en;
			hasScannedForEncodings = 0;
			knownRegions = (
				en,
				Base,
			);
			mainGroup = 94A165E522E0FB47005F8FE6;
			productRefGroup = 94A165EF22E0FB47005F8FE6 /* Products */;
			projectDirPath = "";
			projectRoot = "";
			targets = (
				94A165ED22E0FB47005F8FE6 /* Profesiones App */,
			);
		};
/* End PBXProject section */

/* Begin PBXResourcesBuildPhase section */
		94A165EC22E0FB47005F8FE6 /* Resources */ = {
			isa = PBXResourcesBuildPhase;
			buildActionMask = 2147483647;
			files = (
				940703AF22E26A4000D37FB7 /* Publication.storyboard in Resources */,
				94A165FC22E0FB48005F8FE6 /* LaunchScreen.storyboard in Resources */,
				940703B122E26A4D00D37FB7 /* Profile.storyboard in Resources */,
				940703B322E26A5800D37FB7 /* Home.storyboard in Resources */,
				940703BA22E26A9B00D37FB7 /* SignUp.storyboard in Resources */,
				940703A922E268AF00D37FB7 /* Default-568h@2x.png in Resources */,
				940703C022E26AAA00D37FB7 /* SignIn.storyboard in Resources */,
				940703D122E2762B00D37FB7 /* Main.storyboard in Resources */,
				940703CD22E26E1900D37FB7 /* Colors.xcassets in Resources */,
				940703AD22E26A3400D37FB7 /* Message.storyboard in Resources */,
				940703CF22E26EBD00D37FB7 /* Assets.xcassets in Resources */,
				940703AB22E26A2500D37FB7 /* Comment.storyboard in Resources */,
			);
			runOnlyForDeploymentPostprocessing = 0;
		};
/* End PBXResourcesBuildPhase section */

/* Begin PBXShellScriptBuildPhase section */
		78F8F6FFFDDD664ADB3A67AF /* [CP] Embed Pods Frameworks */ = {
			isa = PBXShellScriptBuildPhase;
			buildActionMask = 2147483647;
			files = (
			);
			inputFileListPaths = (
				"${PODS_ROOT}/Target Support Files/Pods-Profesiones App/Pods-Profesiones App-frameworks-${CONFIGURATION}-input-files.xcfilelist",
			);
			name = "[CP] Embed Pods Frameworks";
			outputFileListPaths = (
				"${PODS_ROOT}/Target Support Files/Pods-Profesiones App/Pods-Profesiones App-frameworks-${CONFIGURATION}-output-files.xcfilelist",
			);
			runOnlyForDeploymentPostprocessing = 0;
			shellPath = /bin/sh;
			shellScript = "\"${PODS_ROOT}/Target Support Files/Pods-Profesiones App/Pods-Profesiones App-frameworks.sh\"\n";
			showEnvVarsInLog = 0;
		};
		888A1ED75CF15F14DEFA7E80 /* [CP] Check Pods Manifest.lock */ = {
			isa = PBXShellScriptBuildPhase;
			buildActionMask = 2147483647;
			files = (
			);
			inputFileListPaths = (
			);
			inputPaths = (
				"${PODS_PODFILE_DIR_PATH}/Podfile.lock",
				"${PODS_ROOT}/Manifest.lock",
			);
			name = "[CP] Check Pods Manifest.lock";
			outputFileListPaths = (
			);
			outputPaths = (
				"$(DERIVED_FILE_DIR)/Pods-Profesiones App-checkManifestLockResult.txt",
			);
			runOnlyForDeploymentPostprocessing = 0;
			shellPath = /bin/sh;
			shellScript = "diff \"${PODS_PODFILE_DIR_PATH}/Podfile.lock\" \"${PODS_ROOT}/Manifest.lock\" > /dev/null\nif [ $? != 0 ] ; then\n    # print error to STDERR\n    echo \"error: The sandbox is not in sync with the Podfile.lock. Run 'pod install' or update your CocoaPods installation.\" >&2\n    exit 1\nfi\n# This output is used by Xcode 'outputs' to avoid re-running this script phase.\necho \"SUCCESS\" > \"${SCRIPT_OUTPUT_FILE_0}\"\n";
			showEnvVarsInLog = 0;
		};
/* End PBXShellScriptBuildPhase section */

/* Begin PBXSourcesBuildPhase section */
		94A165EA22E0FB47005F8FE6 /* Sources */ = {
			isa = PBXSourcesBuildPhase;
			buildActionMask = 2147483647;
			files = (
				94A165F422E0FB47005F8FE6 /* ViewController.swift in Sources */,
				940703B922E26A9B00D37FB7 /* SignUp.swift in Sources */,
				94813F1022E6390E0038F680 /* PublicationViewController.swift in Sources */,
				940703C122E26AAA00D37FB7 /* SignInViewModel.swift in Sources */,
				940703BB22E26A9B00D37FB7 /* SignUpViewController.swift in Sources */,
				940703C722E26AE800D37FB7 /* Constants.swift in Sources */,
				940703BF22E26AAA00D37FB7 /* SignInViewController.swift in Sources */,
				946B348322E519F4002A1829 /* ProfileViewController.swift in Sources */,
				94A165F222E0FB47005F8FE6 /* AppDelegate.swift in Sources */,
			);
			runOnlyForDeploymentPostprocessing = 0;
		};
/* End PBXSourcesBuildPhase section */

/* Begin PBXVariantGroup section */
		94A165FA22E0FB48005F8FE6 /* LaunchScreen.storyboard */ = {
			isa = PBXVariantGroup;
			children = (
				94A165FB22E0FB48005F8FE6 /* Base */,
			);
			name = LaunchScreen.storyboard;
			sourceTree = "<group>";
		};
/* End PBXVariantGroup section */

/* Begin XCBuildConfiguration section */
		94A165FE22E0FB48005F8FE6 /* Debug */ = {
			isa = XCBuildConfiguration;
			buildSettings = {
				ALWAYS_SEARCH_USER_PATHS = NO;
				CLANG_ANALYZER_NONNULL = YES;
				CLANG_ANALYZER_NUMBER_OBJECT_CONVERSION = YES_AGGRESSIVE;
				CLANG_CXX_LANGUAGE_STANDARD = "gnu++14";
				CLANG_CXX_LIBRARY = "libc++";
				CLANG_ENABLE_MODULES = YES;
				CLANG_ENABLE_OBJC_ARC = YES;
				CLANG_ENABLE_OBJC_WEAK = YES;
				CLANG_WARN_BLOCK_CAPTURE_AUTORELEASING = YES;
				CLANG_WARN_BOOL_CONVERSION = YES;
				CLANG_WARN_COMMA = YES;
				CLANG_WARN_CONSTANT_CONVERSION = YES;
				CLANG_WARN_DEPRECATED_OBJC_IMPLEMENTATIONS = YES;
				CLANG_WARN_DIRECT_OBJC_ISA_USAGE = YES_ERROR;
				CLANG_WARN_DOCUMENTATION_COMMENTS = YES;
				CLANG_WARN_EMPTY_BODY = YES;
				CLANG_WARN_ENUM_CONVERSION = YES;
				CLANG_WARN_INFINITE_RECURSION = YES;
				CLANG_WARN_INT_CONVERSION = YES;
				CLANG_WARN_NON_LITERAL_NULL_CONVERSION = YES;
				CLANG_WARN_OBJC_IMPLICIT_RETAIN_SELF = YES;
				CLANG_WARN_OBJC_LITERAL_CONVERSION = YES;
				CLANG_WARN_OBJC_ROOT_CLASS = YES_ERROR;
				CLANG_WARN_RANGE_LOOP_ANALYSIS = YES;
				CLANG_WARN_STRICT_PROTOTYPES = YES;
				CLANG_WARN_SUSPICIOUS_MOVE = YES;
				CLANG_WARN_UNGUARDED_AVAILABILITY = YES_AGGRESSIVE;
				CLANG_WARN_UNREACHABLE_CODE = YES;
				CLANG_WARN__DUPLICATE_METHOD_MATCH = YES;
				CODE_SIGN_IDENTITY = "iPhone Developer";
				COPY_PHASE_STRIP = NO;
				DEBUG_INFORMATION_FORMAT = dwarf;
				ENABLE_STRICT_OBJC_MSGSEND = YES;
				ENABLE_TESTABILITY = YES;
				GCC_C_LANGUAGE_STANDARD = gnu11;
				GCC_DYNAMIC_NO_PIC = NO;
				GCC_NO_COMMON_BLOCKS = YES;
				GCC_OPTIMIZATION_LEVEL = 0;
				GCC_PREPROCESSOR_DEFINITIONS = (
					"DEBUG=1",
					"$(inherited)",
				);
				GCC_WARN_64_TO_32_BIT_CONVERSION = YES;
				GCC_WARN_ABOUT_RETURN_TYPE = YES_ERROR;
				GCC_WARN_UNDECLARED_SELECTOR = YES;
				GCC_WARN_UNINITIALIZED_AUTOS = YES_AGGRESSIVE;
				GCC_WARN_UNUSED_FUNCTION = YES;
				GCC_WARN_UNUSED_VARIABLE = YES;
				IPHONEOS_DEPLOYMENT_TARGET = 12.2;
				MTL_ENABLE_DEBUG_INFO = INCLUDE_SOURCE;
				MTL_FAST_MATH = YES;
				ONLY_ACTIVE_ARCH = YES;
				SDKROOT = iphoneos;
				SWIFT_ACTIVE_COMPILATION_CONDITIONS = DEBUG;
				SWIFT_OPTIMIZATION_LEVEL = "-Onone";
			};
			name = Debug;
		};
		94A165FF22E0FB48005F8FE6 /* Release */ = {
			isa = XCBuildConfiguration;
			buildSettings = {
				ALWAYS_SEARCH_USER_PATHS = NO;
				CLANG_ANALYZER_NONNULL = YES;
				CLANG_ANALYZER_NUMBER_OBJECT_CONVERSION = YES_AGGRESSIVE;
				CLANG_CXX_LANGUAGE_STANDARD = "gnu++14";
				CLANG_CXX_LIBRARY = "libc++";
				CLANG_ENABLE_MODULES = YES;
				CLANG_ENABLE_OBJC_ARC = YES;
				CLANG_ENABLE_OBJC_WEAK = YES;
				CLANG_WARN_BLOCK_CAPTURE_AUTORELEASING = YES;
				CLANG_WARN_BOOL_CONVERSION = YES;
				CLANG_WARN_COMMA = YES;
				CLANG_WARN_CONSTANT_CONVERSION = YES;
				CLANG_WARN_DEPRECATED_OBJC_IMPLEMENTATIONS = YES;
				CLANG_WARN_DIRECT_OBJC_ISA_USAGE = YES_ERROR;
				CLANG_WARN_DOCUMENTATION_COMMENTS = YES;
				CLANG_WARN_EMPTY_BODY = YES;
				CLANG_WARN_ENUM_CONVERSION = YES;
				CLANG_WARN_INFINITE_RECURSION = YES;
				CLANG_WARN_INT_CONVERSION = YES;
				CLANG_WARN_NON_LITERAL_NULL_CONVERSION = YES;
				CLANG_WARN_OBJC_IMPLICIT_RETAIN_SELF = YES;
				CLANG_WARN_OBJC_LITERAL_CONVERSION = YES;
				CLANG_WARN_OBJC_ROOT_CLASS = YES_ERROR;
				CLANG_WARN_RANGE_LOOP_ANALYSIS = YES;
				CLANG_WARN_STRICT_PROTOTYPES = YES;
				CLANG_WARN_SUSPICIOUS_MOVE = YES;
				CLANG_WARN_UNGUARDED_AVAILABILITY = YES_AGGRESSIVE;
				CLANG_WARN_UNREACHABLE_CODE = YES;
				CLANG_WARN__DUPLICATE_METHOD_MATCH = YES;
				CODE_SIGN_IDENTITY = "iPhone Developer";
				COPY_PHASE_STRIP = NO;
				DEBUG_INFORMATION_FORMAT = "dwarf-with-dsym";
				ENABLE_NS_ASSERTIONS = NO;
				ENABLE_STRICT_OBJC_MSGSEND = YES;
				GCC_C_LANGUAGE_STANDARD = gnu11;
				GCC_NO_COMMON_BLOCKS = YES;
				GCC_WARN_64_TO_32_BIT_CONVERSION = YES;
				GCC_WARN_ABOUT_RETURN_TYPE = YES_ERROR;
				GCC_WARN_UNDECLARED_SELECTOR = YES;
				GCC_WARN_UNINITIALIZED_AUTOS = YES_AGGRESSIVE;
				GCC_WARN_UNUSED_FUNCTION = YES;
				GCC_WARN_UNUSED_VARIABLE = YES;
				IPHONEOS_DEPLOYMENT_TARGET = 12.2;
				MTL_ENABLE_DEBUG_INFO = NO;
				MTL_FAST_MATH = YES;
				SDKROOT = iphoneos;
				SWIFT_COMPILATION_MODE = wholemodule;
				SWIFT_OPTIMIZATION_LEVEL = "-O";
				VALIDATE_PRODUCT = YES;
			};
			name = Release;
		};
		94A1660122E0FB48005F8FE6 /* Debug */ = {
			isa = XCBuildConfiguration;
			baseConfigurationReference = AE0CA1E9105BEB92FABA6FA7 /* Pods-Profesiones App.debug.xcconfig */;
			buildSettings = {
				CODE_SIGN_STYLE = Automatic;
				DEVELOPMENT_TEAM = ZMX3C2B594;
				INFOPLIST_FILE = "$(SRCROOT)/Profesiones App/Base/Info.plist";
				IPHONEOS_DEPLOYMENT_TARGET = 11.0;
				LD_RUNPATH_SEARCH_PATHS = (
					"$(inherited)",
					"@executable_path/Frameworks",
				);
				PRODUCT_BUNDLE_IDENTIFIER = "co.com.arlid.Profesiones-App";
				PRODUCT_NAME = "$(TARGET_NAME)";
				SWIFT_VERSION = 5.0;
				TARGETED_DEVICE_FAMILY = 1;
			};
			name = Debug;
		};
		94A1660222E0FB48005F8FE6 /* Release */ = {
			isa = XCBuildConfiguration;
			baseConfigurationReference = 12738719EFDB44402AC22F0E /* Pods-Profesiones App.release.xcconfig */;
			buildSettings = {
				CODE_SIGN_STYLE = Automatic;
				DEVELOPMENT_TEAM = ZMX3C2B594;
				INFOPLIST_FILE = "$(SRCROOT)/Profesiones App/Base/Info.plist";
				IPHONEOS_DEPLOYMENT_TARGET = 11.0;
				LD_RUNPATH_SEARCH_PATHS = (
					"$(inherited)",
					"@executable_path/Frameworks",
				);
				PRODUCT_BUNDLE_IDENTIFIER = "co.com.arlid.Profesiones-App";
				PRODUCT_NAME = "$(TARGET_NAME)";
				SWIFT_VERSION = 5.0;
				TARGETED_DEVICE_FAMILY = 1;
			};
			name = Release;
		};
/* End XCBuildConfiguration section */

/* Begin XCConfigurationList section */
		94A165E922E0FB47005F8FE6 /* Build configuration list for PBXProject "Profesiones App" */ = {
			isa = XCConfigurationList;
			buildConfigurations = (
				94A165FE22E0FB48005F8FE6 /* Debug */,
				94A165FF22E0FB48005F8FE6 /* Release */,
			);
			defaultConfigurationIsVisible = 0;
			defaultConfigurationName = Release;
		};
		94A1660022E0FB48005F8FE6 /* Build configuration list for PBXNativeTarget "Profesiones App" */ = {
			isa = XCConfigurationList;
			buildConfigurations = (
				94A1660122E0FB48005F8FE6 /* Debug */,
				94A1660222E0FB48005F8FE6 /* Release */,
			);
			defaultConfigurationIsVisible = 0;
			defaultConfigurationName = Release;
		};
/* End XCConfigurationList section */
	};
	rootObject = 94A165E622E0FB47005F8FE6 /* Project object */;
}
